
Microsoft Visual Studio Solution File, Format Version 12.00
# Visual Studio Version 16
VisualStudioVersion = 16.0.29215.179
MinimumVisualStudioVersion = 10.0.40219.1
Project("{8BC9CEB8-8B4A-11D0-8D11-00A0C91BC942}") = "OpenGL", "OpenGL\OpenGL.vcxproj", "{8D4F4D4D-0554-40A5-9595-353F7CDBF099}"
EndProject
Global
	GlobalSection(SolutionConfigurationPlatforms) = preSolution
		Debug|x64 = Debug|x64
		Debug|x86 = Debug|x86
		Release|x64 = Release|x64
		Release|x86 = Release|x86
	EndGlobalSection
	GlobalSection(ProjectConfigurationPlatforms) = postSolution
		{8D4F4D4D-0554-40A5-9595-353F7CDBF099}.Debug|x64.ActiveCfg = Debug|x64
		{8D4F4D4D-0554-40A5-9595-353F7CDBF099}.Debug|x64.Build.0 = Debug|x64
		{8D4F4D4D-0554-40A5-9595-353F7CDBF099}.Debug|x86.ActiveCfg = Debug|Win32
		{8D4F4D4D-0554-40A5-9595-353F7CDBF099}.Debug|x86.Build.0 = Debug|Win32
		{8D4F4D4D-0554-40A5-9595-353F7CDBF099}.Release|x64.ActiveCfg = Release|x64
		{8D4F4D4D-0554-40A5-9595-353F7CDBF099}.Release|x64.Build.0 = Release|x64
		{8D4F4D4D-0554-40A5-9595-353F7CDBF099}.Release|x86.ActiveCfg = Release|Win32
		{8D4F4D4D-0554-40A5-9595-353F7CDBF099}.Release|x86.Build.0 = Release|Win32
	EndGlobalSection
	GlobalSection(SolutionProperties) = preSolution
		HideSolutionNode = FALSE
	EndGlobalSection
	GlobalSection(ExtensibilityGlobals) = postSolution
		SolutionGuid = {3A69C378-5417-471D-AA1D-89E699F9B81B}
	EndGlobalSection
EndGlobal
